
Microsoft Visual Studio Solution File, Format Version 12.00
# Visual Studio Version 17
VisualStudioVersion = 17.14.36310.24
MinimumVisualStudioVersion = 10.0.40219.1
Project("{FAE04EC0-301F-11D3-BF4B-00C04F79EFBC}") = "PruebaT_MasterGroup", "PruebaT_MasterGroup\PruebaT_MasterGroup.csproj", "{59A40216-4EFE-46D4-A19E-ADAB275E1923}"
EndProject
Global
	GlobalSection(SolutionConfigurationPlatforms) = preSolution
		Debug|Any CPU = Debug|Any CPU
		Release|Any CPU = Release|Any CPU
	EndGlobalSection
	GlobalSection(ProjectConfigurationPlatforms) = postSolution
		{59A40216-4EFE-46D4-A19E-ADAB275E1923}.Debug|Any CPU.ActiveCfg = Debug|Any CPU
		{59A40216-4EFE-46D4-A19E-ADAB275E1923}.Debug|Any CPU.Build.0 = Debug|Any CPU
		{59A40216-4EFE-46D4-A19E-ADAB275E1923}.Release|Any CPU.ActiveCfg = Release|Any CPU
		{59A40216-4EFE-46D4-A19E-ADAB275E1923}.Release|Any CPU.Build.0 = Release|Any CPU
	EndGlobalSection
	GlobalSection(SolutionProperties) = preSolution
		HideSolutionNode = FALSE
	EndGlobalSection
	GlobalSection(ExtensibilityGlobals) = postSolution
		SolutionGuid = {1D071827-1D70-49C8-A2F4-D0928E4FFDA2}
	EndGlobalSection
EndGlobal
